
Microsoft Visual Studio Solution File, Format Version 12.00
# Visual Studio Version 17
VisualStudioVersion = 17.12.35527.113
MinimumVisualStudioVersion = 10.0.40219.1
Project("{FAE04EC0-301F-11D3-BF4B-00C04F79EFBC}") = "Client", "Client\Client.csproj", "{0BFCF866-5344-44DB-BE8D-3D12EE25258F}"
EndProject
Project("{FAE04EC0-301F-11D3-BF4B-00C04F79EFBC}") = "Server", "Server\Server.csproj", "{1AA28EFF-889A-4FC0-A87E-8D8D01E4CCD1}"
EndProject
Project("{FAE04EC0-301F-11D3-BF4B-00C04F79EFBC}") = "WebService", "WebService\WebService.csproj", "{F30399ED-FD20-49A2-9881-4C8980224F6F}"
EndProject
Global
	GlobalSection(SolutionConfigurationPlatforms) = preSolution
		Debug|Any CPU = Debug|Any CPU
		Release|Any CPU = Release|Any CPU
	EndGlobalSection
	GlobalSection(ProjectConfigurationPlatforms) = postSolution
		{0BFCF866-5344-44DB-BE8D-3D12EE25258F}.Debug|Any CPU.ActiveCfg = Debug|Any CPU
		{0BFCF866-5344-44DB-BE8D-3D12EE25258F}.Debug|Any CPU.Build.0 = Debug|Any CPU
		{0BFCF866-5344-44DB-BE8D-3D12EE25258F}.Release|Any CPU.ActiveCfg = Release|Any CPU
		{0BFCF866-5344-44DB-BE8D-3D12EE25258F}.Release|Any CPU.Build.0 = Release|Any CPU
		{1AA28EFF-889A-4FC0-A87E-8D8D01E4CCD1}.Debug|Any CPU.ActiveCfg = Debug|Any CPU
		{1AA28EFF-889A-4FC0-A87E-8D8D01E4CCD1}.Debug|Any CPU.Build.0 = Debug|Any CPU
		{1AA28EFF-889A-4FC0-A87E-8D8D01E4CCD1}.Release|Any CPU.ActiveCfg = Release|Any CPU
		{1AA28EFF-889A-4FC0-A87E-8D8D01E4CCD1}.Release|Any CPU.Build.0 = Release|Any CPU
		{F30399ED-FD20-49A2-9881-4C8980224F6F}.Debug|Any CPU.ActiveCfg = Debug|Any CPU
		{F30399ED-FD20-49A2-9881-4C8980224F6F}.Debug|Any CPU.Build.0 = Debug|Any CPU
		{F30399ED-FD20-49A2-9881-4C8980224F6F}.Release|Any CPU.ActiveCfg = Release|Any CPU
		{F30399ED-FD20-49A2-9881-4C8980224F6F}.Release|Any CPU.Build.0 = Release|Any CPU
	EndGlobalSection
	GlobalSection(SolutionProperties) = preSolution
		HideSolutionNode = FALSE
	EndGlobalSection
EndGlobal
